
Microsoft Visual Studio Solution File, Format Version 11.00
# Visual Studio 2010
Project("{FAE04EC0-301F-11D3-BF4B-00C04F79EFBC}") = "web.any.docopy", "web.any.docopy.csproj", "{27E51D7E-4A08-44BE-B1C8-E3F48BF1E407}"
EndProject
Global
	GlobalSection(SolutionConfigurationPlatforms) = preSolution
		Debug|Any CPU = Debug|Any CPU
		Publish|Any CPU = Publish|Any CPU
		Release|Any CPU = Release|Any CPU
	EndGlobalSection
	GlobalSection(ProjectConfigurationPlatforms) = postSolution
		{27E51D7E-4A08-44BE-B1C8-E3F48BF1E407}.Debug|Any CPU.ActiveCfg = Debug|Any CPU
		{27E51D7E-4A08-44BE-B1C8-E3F48BF1E407}.Debug|Any CPU.Build.0 = Debug|Any CPU
		{27E51D7E-4A08-44BE-B1C8-E3F48BF1E407}.Publish|Any CPU.ActiveCfg = Publish|Any CPU
		{27E51D7E-4A08-44BE-B1C8-E3F48BF1E407}.Publish|Any CPU.Build.0 = Publish|Any CPU
		{27E51D7E-4A08-44BE-B1C8-E3F48BF1E407}.Release|Any CPU.ActiveCfg = Release|Any CPU
		{27E51D7E-4A08-44BE-B1C8-E3F48BF1E407}.Release|Any CPU.Build.0 = Release|Any CPU
	EndGlobalSection
	GlobalSection(SolutionProperties) = preSolution
		HideSolutionNode = FALSE
	EndGlobalSection
EndGlobal
